
Microsoft Visual Studio Solution File, Format Version 12.00
# Visual Studio Version 17
VisualStudioVersion = 17.0.32112.339
MinimumVisualStudioVersion = 10.0.40219.1
Project("{2150E333-8FDC-42A3-9474-1A3956D46DE8}") = "UI", "UI", "{30B04530-D024-4D3C-81A0-E5DD0ACD031F}"
EndProject
Project("{2150E333-8FDC-42A3-9474-1A3956D46DE8}") = "Framework", "Framework", "{F8495136-D9FD-4402-8B43-BA195CBE936F}"
EndProject
Project("{2150E333-8FDC-42A3-9474-1A3956D46DE8}") = "UserManagement", "UserManagement", "{0BA4AC91-930F-4C3C-A702-91E989675ECF}"
EndProject
Project("{2150E333-8FDC-42A3-9474-1A3956D46DE8}") = "Resources", "Resources", "{C502E855-2D12-42BE-8D3F-C700EF63C14C}"
EndProject
Project("{2150E333-8FDC-42A3-9474-1A3956D46DE8}") = "UM.Domain", "UM.Domain", "{139D59AD-4377-42D9-8D14-5D562B90F325}"
EndProject
Project("{2150E333-8FDC-42A3-9474-1A3956D46DE8}") = "UM.Infrastructure", "UM.Infrastructure", "{6BB3E206-EBBB-4F48-98FB-4B05CC3ED6BA}"
EndProject
Project("{2150E333-8FDC-42A3-9474-1A3956D46DE8}") = "UM.Application", "UM.Application", "{5AA2C025-7211-4E4A-8AD0-3847D97D25F8}"
EndProject
Project("{9A19103F-16F7-4668-BE54-9A1E7A4F7556}") = "UserManagement.Domain", "UserManagement.Domain\UserManagement.Domain.csproj", "{BF7B9D3E-D12E-4CE5-9B45-3D221080F20C}"
EndProject
Project("{9A19103F-16F7-4668-BE54-9A1E7A4F7556}") = "UserManagement.Infrastructure.EFCore", "UserManagement.Infrastructure.EFCore\UserManagement.Infrastructure.EFCore.csproj", "{852466BE-DE49-4E39-9AB9-DA4047C9BDA9}"
EndProject
Project("{9A19103F-16F7-4668-BE54-9A1E7A4F7556}") = "UserManagement.Infrastructure.Configuration", "UserManagement.Infrastructure.Configuration\UserManagement.Infrastructure.Configuration.csproj", "{B67F9015-D65C-4284-9F93-2A798FF71865}"
EndProject
Project("{9A19103F-16F7-4668-BE54-9A1E7A4F7556}") = "UserManagement.Application", "UserManagement.Application\UserManagement.Application.csproj", "{CA03A776-24FE-4D16-9C31-0465A697D2A5}"
EndProject
Project("{9A19103F-16F7-4668-BE54-9A1E7A4F7556}") = "Resources", "Resources\Resources.csproj", "{2A1E444C-134E-46D2-B7EA-5C9EAD3431A6}"
EndProject
Project("{9A19103F-16F7-4668-BE54-9A1E7A4F7556}") = "0_Framework", "0_Framework\0_Framework.csproj", "{5325087F-810A-4504-9732-AAA010BDF6E7}"
EndProject
Project("{2150E333-8FDC-42A3-9474-1A3956D46DE8}") = "UM.ViewModel", "UM.ViewModel", "{4A5E9F7D-D7BF-4856-9EFF-3816933A175B}"
EndProject
Project("{9A19103F-16F7-4668-BE54-9A1E7A4F7556}") = "UserManagement.ViewModel", "UserManagement.ViewModel\UserManagement.ViewModel.csproj", "{C97BDF3A-9C37-4060-B16E-DF61FC70BF47}"
EndProject
Project("{9A19103F-16F7-4668-BE54-9A1E7A4F7556}") = "Dtat.Result", "Dtat.Result\Dtat.Result.csproj", "{DF4EA941-0F56-496D-99E5-D4585718AA7E}"
EndProject
Project("{2150E333-8FDC-42A3-9474-1A3956D46DE8}") = "BlogManagement", "BlogManagement", "{82536DDE-5C76-4A4A-8296-C85DD77BDC31}"
EndProject
Project("{2150E333-8FDC-42A3-9474-1A3956D46DE8}") = "BM.Domain", "BM.Domain", "{423DB30E-5543-460C-B101-77303316213F}"
EndProject
Project("{2150E333-8FDC-42A3-9474-1A3956D46DE8}") = "BM.Infrastructure", "BM.Infrastructure", "{7DD0E4BE-AE15-40BB-B2CF-6A71653E7467}"
EndProject
Project("{2150E333-8FDC-42A3-9474-1A3956D46DE8}") = "BM.Application", "BM.Application", "{3C9116FA-6D9A-451F-A0A4-160C3F73616C}"
EndProject
Project("{2150E333-8FDC-42A3-9474-1A3956D46DE8}") = "BM.ViewModel", "BM.ViewModel", "{01B3E44A-FEC5-4015-B063-6877A4FD4234}"
EndProject
Project("{9A19103F-16F7-4668-BE54-9A1E7A4F7556}") = "BlogManagement.Domain", "BlogManagement.Domain\BlogManagement.Domain.csproj", "{0317D022-D407-4023-947A-81ED777273BB}"
EndProject
Project("{9A19103F-16F7-4668-BE54-9A1E7A4F7556}") = "BlogManagement.Infrastructure.EFCore", "BlogManagement.Infrastructure.EFCore\BlogManagement.Infrastructure.EFCore.csproj", "{149A59B7-71D9-4058-AA30-D95CCFDCBDA1}"
EndProject
Project("{9A19103F-16F7-4668-BE54-9A1E7A4F7556}") = "BlogManagement.Infrastructure.Configuration", "BlogManagement.Infrastructure.Configuration\BlogManagement.Infrastructure.Configuration.csproj", "{8DD92E1D-3CFC-4F59-8540-1597AE63E4BC}"
EndProject
Project("{9A19103F-16F7-4668-BE54-9A1E7A4F7556}") = "BlogManagement.Application", "BlogManagement.Application\BlogManagement.Application.csproj", "{C7804BB0-768C-40D4-9EC1-FB19262DBCE7}"
EndProject
Project("{9A19103F-16F7-4668-BE54-9A1E7A4F7556}") = "BlogManagement.ViewModel", "BlogManagement.ViewModel\BlogManagement.ViewModel.csproj", "{03857B8B-6D56-4B6F-867E-A3FBF6D34E37}"
EndProject
Project("{9A19103F-16F7-4668-BE54-9A1E7A4F7556}") = "BlogLand.UI.Client", "BlogLand.UI\Client\BlogLand.UI.Client.csproj", "{FA211322-8211-4C4E-A4E2-88384082D6CC}"
EndProject
Project("{9A19103F-16F7-4668-BE54-9A1E7A4F7556}") = "BlogLand.UI.Server", "BlogLand.UI\Server\BlogLand.UI.Server.csproj", "{97A8F045-EB36-418B-B25A-CA4B2D46A123}"
EndProject
Project("{2150E333-8FDC-42A3-9474-1A3956D46DE8}") = "src", "src", "{CAFEC5E0-5D42-4EB5-8391-2FBEC58FB46D}"
EndProject
Global
	GlobalSection(SolutionConfigurationPlatforms) = preSolution
		Debug|Any CPU = Debug|Any CPU
		Release|Any CPU = Release|Any CPU
	EndGlobalSection
	GlobalSection(ProjectConfigurationPlatforms) = postSolution
		{BF7B9D3E-D12E-4CE5-9B45-3D221080F20C}.Debug|Any CPU.ActiveCfg = Debug|Any CPU
		{BF7B9D3E-D12E-4CE5-9B45-3D221080F20C}.Debug|Any CPU.Build.0 = Debug|Any CPU
		{BF7B9D3E-D12E-4CE5-9B45-3D221080F20C}.Release|Any CPU.ActiveCfg = Release|Any CPU
		{BF7B9D3E-D12E-4CE5-9B45-3D221080F20C}.Release|Any CPU.Build.0 = Release|Any CPU
		{852466BE-DE49-4E39-9AB9-DA4047C9BDA9}.Debug|Any CPU.ActiveCfg = Debug|Any CPU
		{852466BE-DE49-4E39-9AB9-DA4047C9BDA9}.Debug|Any CPU.Build.0 = Debug|Any CPU
		{852466BE-DE49-4E39-9AB9-DA4047C9BDA9}.Release|Any CPU.ActiveCfg = Release|Any CPU
		{852466BE-DE49-4E39-9AB9-DA4047C9BDA9}.Release|Any CPU.Build.0 = Release|Any CPU
		{B67F9015-D65C-4284-9F93-2A798FF71865}.Debug|Any CPU.ActiveCfg = Debug|Any CPU
		{B67F9015-D65C-4284-9F93-2A798FF71865}.Debug|Any CPU.Build.0 = Debug|Any CPU
		{B67F9015-D65C-4284-9F93-2A798FF71865}.Release|Any CPU.ActiveCfg = Release|Any CPU
		{B67F9015-D65C-4284-9F93-2A798FF71865}.Release|Any CPU.Build.0 = Release|Any CPU
		{CA03A776-24FE-4D16-9C31-0465A697D2A5}.Debug|Any CPU.ActiveCfg = Debug|Any CPU
		{CA03A776-24FE-4D16-9C31-0465A697D2A5}.Debug|Any CPU.Build.0 = Debug|Any CPU
		{CA03A776-24FE-4D16-9C31-0465A697D2A5}.Release|Any CPU.ActiveCfg = Release|Any CPU
		{CA03A776-24FE-4D16-9C31-0465A697D2A5}.Release|Any CPU.Build.0 = Release|Any CPU
		{2A1E444C-134E-46D2-B7EA-5C9EAD3431A6}.Debug|Any CPU.ActiveCfg = Debug|Any CPU
		{2A1E444C-134E-46D2-B7EA-5C9EAD3431A6}.Debug|Any CPU.Build.0 = Debug|Any CPU
		{2A1E444C-134E-46D2-B7EA-5C9EAD3431A6}.Release|Any CPU.ActiveCfg = Release|Any CPU
		{2A1E444C-134E-46D2-B7EA-5C9EAD3431A6}.Release|Any CPU.Build.0 = Release|Any CPU
		{5325087F-810A-4504-9732-AAA010BDF6E7}.Debug|Any CPU.ActiveCfg = Debug|Any CPU
		{5325087F-810A-4504-9732-AAA010BDF6E7}.Debug|Any CPU.Build.0 = Debug|Any CPU
		{5325087F-810A-4504-9732-AAA010BDF6E7}.Release|Any CPU.ActiveCfg = Release|Any CPU
		{5325087F-810A-4504-9732-AAA010BDF6E7}.Release|Any CPU.Build.0 = Release|Any CPU
		{C97BDF3A-9C37-4060-B16E-DF61FC70BF47}.Debug|Any CPU.ActiveCfg = Debug|Any CPU
		{C97BDF3A-9C37-4060-B16E-DF61FC70BF47}.Debug|Any CPU.Build.0 = Debug|Any CPU
		{C97BDF3A-9C37-4060-B16E-DF61FC70BF47}.Release|Any CPU.ActiveCfg = Release|Any CPU
		{C97BDF3A-9C37-4060-B16E-DF61FC70BF47}.Release|Any CPU.Build.0 = Release|Any CPU
		{DF4EA941-0F56-496D-99E5-D4585718AA7E}.Debug|Any CPU.ActiveCfg = Debug|Any CPU
		{DF4EA941-0F56-496D-99E5-D4585718AA7E}.Debug|Any CPU.Build.0 = Debug|Any CPU
		{DF4EA941-0F56-496D-99E5-D4585718AA7E}.Release|Any CPU.ActiveCfg = Release|Any CPU
		{DF4EA941-0F56-496D-99E5-D4585718AA7E}.Release|Any CPU.Build.0 = Release|Any CPU
		{0317D022-D407-4023-947A-81ED777273BB}.Debug|Any CPU.ActiveCfg = Debug|Any CPU
		{0317D022-D407-4023-947A-81ED777273BB}.Debug|Any CPU.Build.0 = Debug|Any CPU
		{0317D022-D407-4023-947A-81ED777273BB}.Release|Any CPU.ActiveCfg = Release|Any CPU
		{0317D022-D407-4023-947A-81ED777273BB}.Release|Any CPU.Build.0 = Release|Any CPU
		{149A59B7-71D9-4058-AA30-D95CCFDCBDA1}.Debug|Any CPU.ActiveCfg = Debug|Any CPU
		{149A59B7-71D9-4058-AA30-D95CCFDCBDA1}.Debug|Any CPU.Build.0 = Debug|Any CPU
		{149A59B7-71D9-4058-AA30-D95CCFDCBDA1}.Release|Any CPU.ActiveCfg = Release|Any CPU
		{149A59B7-71D9-4058-AA30-D95CCFDCBDA1}.Release|Any CPU.Build.0 = Release|Any CPU
		{8DD92E1D-3CFC-4F59-8540-1597AE63E4BC}.Debug|Any CPU.ActiveCfg = Debug|Any CPU
		{8DD92E1D-3CFC-4F59-8540-1597AE63E4BC}.Debug|Any CPU.Build.0 = Debug|Any CPU
		{8DD92E1D-3CFC-4F59-8540-1597AE63E4BC}.Release|Any CPU.ActiveCfg = Release|Any CPU
		{8DD92E1D-3CFC-4F59-8540-1597AE63E4BC}.Release|Any CPU.Build.0 = Release|Any CPU
		{C7804BB0-768C-40D4-9EC1-FB19262DBCE7}.Debug|Any CPU.ActiveCfg = Debug|Any CPU
		{C7804BB0-768C-40D4-9EC1-FB19262DBCE7}.Debug|Any CPU.Build.0 = Debug|Any CPU
		{C7804BB0-768C-40D4-9EC1-FB19262DBCE7}.Release|Any CPU.ActiveCfg = Release|Any CPU
		{C7804BB0-768C-40D4-9EC1-FB19262DBCE7}.Release|Any CPU.Build.0 = Release|Any CPU
		{03857B8B-6D56-4B6F-867E-A3FBF6D34E37}.Debug|Any CPU.ActiveCfg = Debug|Any CPU
		{03857B8B-6D56-4B6F-867E-A3FBF6D34E37}.Debug|Any CPU.Build.0 = Debug|Any CPU
		{03857B8B-6D56-4B6F-867E-A3FBF6D34E37}.Release|Any CPU.ActiveCfg = Release|Any CPU
		{03857B8B-6D56-4B6F-867E-A3FBF6D34E37}.Release|Any CPU.Build.0 = Release|Any CPU
		{FA211322-8211-4C4E-A4E2-88384082D6CC}.Debug|Any CPU.ActiveCfg = Debug|Any CPU
		{FA211322-8211-4C4E-A4E2-88384082D6CC}.Debug|Any CPU.Build.0 = Debug|Any CPU
		{FA211322-8211-4C4E-A4E2-88384082D6CC}.Release|Any CPU.ActiveCfg = Release|Any CPU
		{FA211322-8211-4C4E-A4E2-88384082D6CC}.Release|Any CPU.Build.0 = Release|Any CPU
		{97A8F045-EB36-418B-B25A-CA4B2D46A123}.Debug|Any CPU.ActiveCfg = Debug|Any CPU
		{97A8F045-EB36-418B-B25A-CA4B2D46A123}.Debug|Any CPU.Build.0 = Debug|Any CPU
		{97A8F045-EB36-418B-B25A-CA4B2D46A123}.Release|Any CPU.ActiveCfg = Release|Any CPU
		{97A8F045-EB36-418B-B25A-CA4B2D46A123}.Release|Any CPU.Build.0 = Release|Any CPU
	EndGlobalSection
	GlobalSection(SolutionProperties) = preSolution
		HideSolutionNode = FALSE
	EndGlobalSection
	GlobalSection(NestedProjects) = preSolution
		{30B04530-D024-4D3C-81A0-E5DD0ACD031F} = {CAFEC5E0-5D42-4EB5-8391-2FBEC58FB46D}
		{F8495136-D9FD-4402-8B43-BA195CBE936F} = {CAFEC5E0-5D42-4EB5-8391-2FBEC58FB46D}
		{0BA4AC91-930F-4C3C-A702-91E989675ECF} = {CAFEC5E0-5D42-4EB5-8391-2FBEC58FB46D}
		{C502E855-2D12-42BE-8D3F-C700EF63C14C} = {CAFEC5E0-5D42-4EB5-8391-2FBEC58FB46D}
		{139D59AD-4377-42D9-8D14-5D562B90F325} = {0BA4AC91-930F-4C3C-A702-91E989675ECF}
		{6BB3E206-EBBB-4F48-98FB-4B05CC3ED6BA} = {0BA4AC91-930F-4C3C-A702-91E989675ECF}
		{5AA2C025-7211-4E4A-8AD0-3847D97D25F8} = {0BA4AC91-930F-4C3C-A702-91E989675ECF}
		{BF7B9D3E-D12E-4CE5-9B45-3D221080F20C} = {139D59AD-4377-42D9-8D14-5D562B90F325}
		{852466BE-DE49-4E39-9AB9-DA4047C9BDA9} = {6BB3E206-EBBB-4F48-98FB-4B05CC3ED6BA}
		{B67F9015-D65C-4284-9F93-2A798FF71865} = {6BB3E206-EBBB-4F48-98FB-4B05CC3ED6BA}
		{CA03A776-24FE-4D16-9C31-0465A697D2A5} = {5AA2C025-7211-4E4A-8AD0-3847D97D25F8}
		{2A1E444C-134E-46D2-B7EA-5C9EAD3431A6} = {C502E855-2D12-42BE-8D3F-C700EF63C14C}
		{5325087F-810A-4504-9732-AAA010BDF6E7} = {F8495136-D9FD-4402-8B43-BA195CBE936F}
		{4A5E9F7D-D7BF-4856-9EFF-3816933A175B} = {0BA4AC91-930F-4C3C-A702-91E989675ECF}
		{C97BDF3A-9C37-4060-B16E-DF61FC70BF47} = {4A5E9F7D-D7BF-4856-9EFF-3816933A175B}
		{DF4EA941-0F56-496D-99E5-D4585718AA7E} = {F8495136-D9FD-4402-8B43-BA195CBE936F}
		{82536DDE-5C76-4A4A-8296-C85DD77BDC31} = {CAFEC5E0-5D42-4EB5-8391-2FBEC58FB46D}
		{423DB30E-5543-460C-B101-77303316213F} = {82536DDE-5C76-4A4A-8296-C85DD77BDC31}
		{7DD0E4BE-AE15-40BB-B2CF-6A71653E7467} = {82536DDE-5C76-4A4A-8296-C85DD77BDC31}
		{3C9116FA-6D9A-451F-A0A4-160C3F73616C} = {82536DDE-5C76-4A4A-8296-C85DD77BDC31}
		{01B3E44A-FEC5-4015-B063-6877A4FD4234} = {82536DDE-5C76-4A4A-8296-C85DD77BDC31}
		{0317D022-D407-4023-947A-81ED777273BB} = {423DB30E-5543-460C-B101-77303316213F}
		{149A59B7-71D9-4058-AA30-D95CCFDCBDA1} = {7DD0E4BE-AE15-40BB-B2CF-6A71653E7467}
		{8DD92E1D-3CFC-4F59-8540-1597AE63E4BC} = {7DD0E4BE-AE15-40BB-B2CF-6A71653E7467}
		{C7804BB0-768C-40D4-9EC1-FB19262DBCE7} = {3C9116FA-6D9A-451F-A0A4-160C3F73616C}
		{03857B8B-6D56-4B6F-867E-A3FBF6D34E37} = {01B3E44A-FEC5-4015-B063-6877A4FD4234}
		{FA211322-8211-4C4E-A4E2-88384082D6CC} = {30B04530-D024-4D3C-81A0-E5DD0ACD031F}
		{97A8F045-EB36-418B-B25A-CA4B2D46A123} = {30B04530-D024-4D3C-81A0-E5DD0ACD031F}
	EndGlobalSection
	GlobalSection(ExtensibilityGlobals) = postSolution
		SolutionGuid = {06B265E2-0C1B-48FB-B34D-5D1A6B30CED7}
	EndGlobalSection
EndGlobal
